
Microsoft Visual Studio Solution File, Format Version 12.00
# Visual Studio 14
VisualStudioVersion = 14.0.24720.0
MinimumVisualStudioVersion = 10.0.40219.1
Project("{8BC9CEB8-8B4A-11D0-8D11-00A0C91BC942}") = "Practice Lab 1", "Practice Lab 1\Practice Lab 1.vcxproj", "{962AA02E-3CB9-454B-B1B6-150F6F546E61}"
EndProject
Project("{8BC9CEB8-8B4A-11D0-8D11-00A0C91BC942}") = "Inclass Program", "Inclass Program\Inclass Program.vcxproj", "{13C1E230-1656-4E5B-95A6-77C1D48DC08D}"
EndProject
Project("{8BC9CEB8-8B4A-11D0-8D11-00A0C91BC942}") = "Lab1", "Lab1\Lab1.vcxproj", "{3653EAF2-83C7-42C9-9AA1-A4F3A25C4508}"
EndProject
Project("{8BC9CEB8-8B4A-11D0-8D11-00A0C91BC942}") = "Lab2", "Lab2\Lab2.vcxproj", "{41A3EECD-9E67-4331-8D02-B20B62DA344D}"
EndProject
Project("{8BC9CEB8-8B4A-11D0-8D11-00A0C91BC942}") = "Practice Lab 2", "Practice Lab 2\Practice Lab 2.vcxproj", "{8B510BF6-822A-43D5-B624-AB7E1C98DBE2}"
EndProject
Project("{8BC9CEB8-8B4A-11D0-8D11-00A0C91BC942}") = "Practice Lab 3", "Practice Lab 3\Practice Lab 3.vcxproj", "{D4DF3674-9FB7-4FA9-9821-F8012059DA0D}"
EndProject
Project("{8BC9CEB8-8B4A-11D0-8D11-00A0C91BC942}") = "Lab 3", "Lab 3\Lab 3.vcxproj", "{C4AD8148-15E2-42C1-82BA-EA9307583AD1}"
EndProject
Project("{8BC9CEB8-8B4A-11D0-8D11-00A0C91BC942}") = "HW1", "HW1\HW1.vcxproj", "{0DB0898F-E3F8-47AE-AC18-5CFD862ED2FE}"
EndProject
Global
	GlobalSection(SolutionConfigurationPlatforms) = preSolution
		Debug|x64 = Debug|x64
		Debug|x86 = Debug|x86
		Release|x64 = Release|x64
		Release|x86 = Release|x86
	EndGlobalSection
	GlobalSection(ProjectConfigurationPlatforms) = postSolution
		{962AA02E-3CB9-454B-B1B6-150F6F546E61}.Debug|x64.ActiveCfg = Debug|x64
		{962AA02E-3CB9-454B-B1B6-150F6F546E61}.Debug|x64.Build.0 = Debug|x64
		{962AA02E-3CB9-454B-B1B6-150F6F546E61}.Debug|x86.ActiveCfg = Debug|Win32
		{962AA02E-3CB9-454B-B1B6-150F6F546E61}.Debug|x86.Build.0 = Debug|Win32
		{962AA02E-3CB9-454B-B1B6-150F6F546E61}.Release|x64.ActiveCfg = Release|x64
		{962AA02E-3CB9-454B-B1B6-150F6F546E61}.Release|x64.Build.0 = Release|x64
		{962AA02E-3CB9-454B-B1B6-150F6F546E61}.Release|x86.ActiveCfg = Release|Win32
		{962AA02E-3CB9-454B-B1B6-150F6F546E61}.Release|x86.Build.0 = Release|Win32
		{13C1E230-1656-4E5B-95A6-77C1D48DC08D}.Debug|x64.ActiveCfg = Debug|x64
		{13C1E230-1656-4E5B-95A6-77C1D48DC08D}.Debug|x64.Build.0 = Debug|x64
		{13C1E230-1656-4E5B-95A6-77C1D48DC08D}.Debug|x86.ActiveCfg = Debug|Win32
		{13C1E230-1656-4E5B-95A6-77C1D48DC08D}.Debug|x86.Build.0 = Debug|Win32
		{13C1E230-1656-4E5B-95A6-77C1D48DC08D}.Release|x64.ActiveCfg = Release|x64
		{13C1E230-1656-4E5B-95A6-77C1D48DC08D}.Release|x64.Build.0 = Release|x64
		{13C1E230-1656-4E5B-95A6-77C1D48DC08D}.Release|x86.ActiveCfg = Release|Win32
		{13C1E230-1656-4E5B-95A6-77C1D48DC08D}.Release|x86.Build.0 = Release|Win32
		{3653EAF2-83C7-42C9-9AA1-A4F3A25C4508}.Debug|x64.ActiveCfg = Debug|x64
		{3653EAF2-83C7-42C9-9AA1-A4F3A25C4508}.Debug|x64.Build.0 = Debug|x64
		{3653EAF2-83C7-42C9-9AA1-A4F3A25C4508}.Debug|x86.ActiveCfg = Debug|Win32
		{3653EAF2-83C7-42C9-9AA1-A4F3A25C4508}.Debug|x86.Build.0 = Debug|Win32
		{3653EAF2-83C7-42C9-9AA1-A4F3A25C4508}.Release|x64.ActiveCfg = Release|x64
		{3653EAF2-83C7-42C9-9AA1-A4F3A25C4508}.Release|x64.Build.0 = Release|x64
		{3653EAF2-83C7-42C9-9AA1-A4F3A25C4508}.Release|x86.ActiveCfg = Release|Win32
		{3653EAF2-83C7-42C9-9AA1-A4F3A25C4508}.Release|x86.Build.0 = Release|Win32
		{41A3EECD-9E67-4331-8D02-B20B62DA344D}.Debug|x64.ActiveCfg = Debug|x64
		{41A3EECD-9E67-4331-8D02-B20B62DA344D}.Debug|x64.Build.0 = Debug|x64
		{41A3EECD-9E67-4331-8D02-B20B62DA344D}.Debug|x86.ActiveCfg = Debug|Win32
		{41A3EECD-9E67-4331-8D02-B20B62DA344D}.Debug|x86.Build.0 = Debug|Win32
		{41A3EECD-9E67-4331-8D02-B20B62DA344D}.Release|x64.ActiveCfg = Release|x64
		{41A3EECD-9E67-4331-8D02-B20B62DA344D}.Release|x64.Build.0 = Release|x64
		{41A3EECD-9E67-4331-8D02-B20B62DA344D}.Release|x86.ActiveCfg = Release|Win32
		{41A3EECD-9E67-4331-8D02-B20B62DA344D}.Release|x86.Build.0 = Release|Win32
		{8B510BF6-822A-43D5-B624-AB7E1C98DBE2}.Debug|x64.ActiveCfg = Debug|x64
		{8B510BF6-822A-43D5-B624-AB7E1C98DBE2}.Debug|x64.Build.0 = Debug|x64
		{8B510BF6-822A-43D5-B624-AB7E1C98DBE2}.Debug|x86.ActiveCfg = Debug|Win32
		{8B510BF6-822A-43D5-B624-AB7E1C98DBE2}.Debug|x86.Build.0 = Debug|Win32
		{8B510BF6-822A-43D5-B624-AB7E1C98DBE2}.Release|x64.ActiveCfg = Release|x64
		{8B510BF6-822A-43D5-B624-AB7E1C98DBE2}.Release|x64.Build.0 = Release|x64
		{8B510BF6-822A-43D5-B624-AB7E1C98DBE2}.Release|x86.ActiveCfg = Release|Win32
		{8B510BF6-822A-43D5-B624-AB7E1C98DBE2}.Release|x86.Build.0 = Release|Win32
		{D4DF3674-9FB7-4FA9-9821-F8012059DA0D}.Debug|x64.ActiveCfg = Debug|x64
		{D4DF3674-9FB7-4FA9-9821-F8012059DA0D}.Debug|x64.Build.0 = Debug|x64
		{D4DF3674-9FB7-4FA9-9821-F8012059DA0D}.Debug|x86.ActiveCfg = Debug|Win32
		{D4DF3674-9FB7-4FA9-9821-F8012059DA0D}.Debug|x86.Build.0 = Debug|Win32
		{D4DF3674-9FB7-4FA9-9821-F8012059DA0D}.Release|x64.ActiveCfg = Release|x64
		{D4DF3674-9FB7-4FA9-9821-F8012059DA0D}.Release|x64.Build.0 = Release|x64
		{D4DF3674-9FB7-4FA9-9821-F8012059DA0D}.Release|x86.ActiveCfg = Release|Win32
		{D4DF3674-9FB7-4FA9-9821-F8012059DA0D}.Release|x86.Build.0 = Release|Win32
		{C4AD8148-15E2-42C1-82BA-EA9307583AD1}.Debug|x64.ActiveCfg = Debug|x64
		{C4AD8148-15E2-42C1-82BA-EA9307583AD1}.Debug|x64.Build.0 = Debug|x64
		{C4AD8148-15E2-42C1-82BA-EA9307583AD1}.Debug|x86.ActiveCfg = Debug|Win32
		{C4AD8148-15E2-42C1-82BA-EA9307583AD1}.Debug|x86.Build.0 = Debug|Win32
		{C4AD8148-15E2-42C1-82BA-EA9307583AD1}.Release|x64.ActiveCfg = Release|x64
		{C4AD8148-15E2-42C1-82BA-EA9307583AD1}.Release|x64.Build.0 = Release|x64
		{C4AD8148-15E2-42C1-82BA-EA9307583AD1}.Release|x86.ActiveCfg = Release|Win32
		{C4AD8148-15E2-42C1-82BA-EA9307583AD1}.Release|x86.Build.0 = Release|Win32
		{0DB0898F-E3F8-47AE-AC18-5CFD862ED2FE}.Debug|x64.ActiveCfg = Debug|x64
		{0DB0898F-E3F8-47AE-AC18-5CFD862ED2FE}.Debug|x64.Build.0 = Debug|x64
		{0DB0898F-E3F8-47AE-AC18-5CFD862ED2FE}.Debug|x86.ActiveCfg = Debug|Win32
		{0DB0898F-E3F8-47AE-AC18-5CFD862ED2FE}.Debug|x86.Build.0 = Debug|Win32
		{0DB0898F-E3F8-47AE-AC18-5CFD862ED2FE}.Release|x64.ActiveCfg = Release|x64
		{0DB0898F-E3F8-47AE-AC18-5CFD862ED2FE}.Release|x64.Build.0 = Release|x64
		{0DB0898F-E3F8-47AE-AC18-5CFD862ED2FE}.Release|x86.ActiveCfg = Release|Win32
		{0DB0898F-E3F8-47AE-AC18-5CFD862ED2FE}.Release|x86.Build.0 = Release|Win32
	EndGlobalSection
	GlobalSection(SolutionProperties) = preSolution
		HideSolutionNode = FALSE
	EndGlobalSection
EndGlobal
