
Microsoft Visual Studio Solution File, Format Version 12.00
# Visual Studio 14
VisualStudioVersion = 14.0.25123.0
MinimumVisualStudioVersion = 10.0.40219.1
Project("{8BC9CEB8-8B4A-11D0-8D11-00A0C91BC942}") = "HW1", "HW1\HW1.vcxproj", "{0DB0898F-E3F8-47AE-AC18-5CFD862ED2FE}"
EndProject
Project("{8BC9CEB8-8B4A-11D0-8D11-00A0C91BC942}") = "Lab5", "Lab5\Lab5.vcxproj", "{481A37E6-0EE6-4FD6-A1D3-AF841757A5BA}"
EndProject
Project("{8BC9CEB8-8B4A-11D0-8D11-00A0C91BC942}") = "HW2", "HW 2\HW 2.vcxproj", "{5458F8A4-3A7E-4618-BAA0-119E6B203606}"
EndProject
Project("{8BC9CEB8-8B4A-11D0-8D11-00A0C91BC942}") = "Lab6", "Lab6\Lab6.vcxproj", "{174BCBEA-2345-4FDF-95D7-16528F6B93FB}"
EndProject
Project("{8BC9CEB8-8B4A-11D0-8D11-00A0C91BC942}") = "Lab7", "Lab7\Lab7.vcxproj", "{2B58474C-3F0C-4947-B2B1-134371A653A2}"
EndProject
Project("{8BC9CEB8-8B4A-11D0-8D11-00A0C91BC942}") = "HW3", "HW3\HW3.vcxproj", "{27260D7A-396A-4560-AEFC-BC6D86A9185A}"
EndProject
Project("{8BC9CEB8-8B4A-11D0-8D11-00A0C91BC942}") = "Lab8", "Lab8\Lab8.vcxproj", "{CB816055-0788-4128-B9D0-96B0EA298407}"
EndProject
Project("{8BC9CEB8-8B4A-11D0-8D11-00A0C91BC942}") = "HW3-Review", "HW3-Review\HW3-Review.vcxproj", "{32E19D44-7570-4FBF-A097-528345146594}"
EndProject
Global
	GlobalSection(SolutionConfigurationPlatforms) = preSolution
		Debug|x64 = Debug|x64
		Debug|x86 = Debug|x86
		Release|x64 = Release|x64
		Release|x86 = Release|x86
	EndGlobalSection
	GlobalSection(ProjectConfigurationPlatforms) = postSolution
		{0DB0898F-E3F8-47AE-AC18-5CFD862ED2FE}.Debug|x64.ActiveCfg = Debug|x64
		{0DB0898F-E3F8-47AE-AC18-5CFD862ED2FE}.Debug|x64.Build.0 = Debug|x64
		{0DB0898F-E3F8-47AE-AC18-5CFD862ED2FE}.Debug|x86.ActiveCfg = Debug|Win32
		{0DB0898F-E3F8-47AE-AC18-5CFD862ED2FE}.Release|x64.ActiveCfg = Release|x64
		{0DB0898F-E3F8-47AE-AC18-5CFD862ED2FE}.Release|x64.Build.0 = Release|x64
		{0DB0898F-E3F8-47AE-AC18-5CFD862ED2FE}.Release|x86.ActiveCfg = Release|Win32
		{0DB0898F-E3F8-47AE-AC18-5CFD862ED2FE}.Release|x86.Build.0 = Release|Win32
		{481A37E6-0EE6-4FD6-A1D3-AF841757A5BA}.Debug|x64.ActiveCfg = Debug|x64
		{481A37E6-0EE6-4FD6-A1D3-AF841757A5BA}.Debug|x64.Build.0 = Debug|x64
		{481A37E6-0EE6-4FD6-A1D3-AF841757A5BA}.Debug|x86.ActiveCfg = Debug|Win32
		{481A37E6-0EE6-4FD6-A1D3-AF841757A5BA}.Debug|x86.Build.0 = Debug|Win32
		{481A37E6-0EE6-4FD6-A1D3-AF841757A5BA}.Release|x64.ActiveCfg = Release|x64
		{481A37E6-0EE6-4FD6-A1D3-AF841757A5BA}.Release|x64.Build.0 = Release|x64
		{481A37E6-0EE6-4FD6-A1D3-AF841757A5BA}.Release|x86.ActiveCfg = Release|Win32
		{481A37E6-0EE6-4FD6-A1D3-AF841757A5BA}.Release|x86.Build.0 = Release|Win32
		{5458F8A4-3A7E-4618-BAA0-119E6B203606}.Debug|x64.ActiveCfg = Debug|x64
		{5458F8A4-3A7E-4618-BAA0-119E6B203606}.Debug|x64.Build.0 = Debug|x64
		{5458F8A4-3A7E-4618-BAA0-119E6B203606}.Debug|x86.ActiveCfg = Debug|Win32
		{5458F8A4-3A7E-4618-BAA0-119E6B203606}.Debug|x86.Build.0 = Debug|Win32
		{5458F8A4-3A7E-4618-BAA0-119E6B203606}.Release|x64.ActiveCfg = Release|x64
		{5458F8A4-3A7E-4618-BAA0-119E6B203606}.Release|x64.Build.0 = Release|x64
		{5458F8A4-3A7E-4618-BAA0-119E6B203606}.Release|x86.ActiveCfg = Release|Win32
		{5458F8A4-3A7E-4618-BAA0-119E6B203606}.Release|x86.Build.0 = Release|Win32
		{174BCBEA-2345-4FDF-95D7-16528F6B93FB}.Debug|x64.ActiveCfg = Debug|x64
		{174BCBEA-2345-4FDF-95D7-16528F6B93FB}.Debug|x64.Build.0 = Debug|x64
		{174BCBEA-2345-4FDF-95D7-16528F6B93FB}.Debug|x86.ActiveCfg = Debug|Win32
		{174BCBEA-2345-4FDF-95D7-16528F6B93FB}.Debug|x86.Build.0 = Debug|Win32
		{174BCBEA-2345-4FDF-95D7-16528F6B93FB}.Release|x64.ActiveCfg = Release|x64
		{174BCBEA-2345-4FDF-95D7-16528F6B93FB}.Release|x64.Build.0 = Release|x64
		{174BCBEA-2345-4FDF-95D7-16528F6B93FB}.Release|x86.ActiveCfg = Release|Win32
		{174BCBEA-2345-4FDF-95D7-16528F6B93FB}.Release|x86.Build.0 = Release|Win32
		{2B58474C-3F0C-4947-B2B1-134371A653A2}.Debug|x64.ActiveCfg = Debug|x64
		{2B58474C-3F0C-4947-B2B1-134371A653A2}.Debug|x64.Build.0 = Debug|x64
		{2B58474C-3F0C-4947-B2B1-134371A653A2}.Debug|x86.ActiveCfg = Debug|Win32
		{2B58474C-3F0C-4947-B2B1-134371A653A2}.Debug|x86.Build.0 = Debug|Win32
		{2B58474C-3F0C-4947-B2B1-134371A653A2}.Release|x64.ActiveCfg = Release|x64
		{2B58474C-3F0C-4947-B2B1-134371A653A2}.Release|x64.Build.0 = Release|x64
		{2B58474C-3F0C-4947-B2B1-134371A653A2}.Release|x86.ActiveCfg = Release|Win32
		{2B58474C-3F0C-4947-B2B1-134371A653A2}.Release|x86.Build.0 = Release|Win32
		{27260D7A-396A-4560-AEFC-BC6D86A9185A}.Debug|x64.ActiveCfg = Debug|x64
		{27260D7A-396A-4560-AEFC-BC6D86A9185A}.Debug|x64.Build.0 = Debug|x64
		{27260D7A-396A-4560-AEFC-BC6D86A9185A}.Debug|x86.ActiveCfg = Debug|Win32
		{27260D7A-396A-4560-AEFC-BC6D86A9185A}.Debug|x86.Build.0 = Debug|Win32
		{27260D7A-396A-4560-AEFC-BC6D86A9185A}.Release|x64.ActiveCfg = Release|x64
		{27260D7A-396A-4560-AEFC-BC6D86A9185A}.Release|x64.Build.0 = Release|x64
		{27260D7A-396A-4560-AEFC-BC6D86A9185A}.Release|x86.ActiveCfg = Release|Win32
		{27260D7A-396A-4560-AEFC-BC6D86A9185A}.Release|x86.Build.0 = Release|Win32
		{CB816055-0788-4128-B9D0-96B0EA298407}.Debug|x64.ActiveCfg = Debug|x64
		{CB816055-0788-4128-B9D0-96B0EA298407}.Debug|x64.Build.0 = Debug|x64
		{CB816055-0788-4128-B9D0-96B0EA298407}.Debug|x86.ActiveCfg = Debug|Win32
		{CB816055-0788-4128-B9D0-96B0EA298407}.Debug|x86.Build.0 = Debug|Win32
		{CB816055-0788-4128-B9D0-96B0EA298407}.Release|x64.ActiveCfg = Release|x64
		{CB816055-0788-4128-B9D0-96B0EA298407}.Release|x64.Build.0 = Release|x64
		{CB816055-0788-4128-B9D0-96B0EA298407}.Release|x86.ActiveCfg = Release|Win32
		{CB816055-0788-4128-B9D0-96B0EA298407}.Release|x86.Build.0 = Release|Win32
		{32E19D44-7570-4FBF-A097-528345146594}.Debug|x64.ActiveCfg = Debug|x64
		{32E19D44-7570-4FBF-A097-528345146594}.Debug|x64.Build.0 = Debug|x64
		{32E19D44-7570-4FBF-A097-528345146594}.Debug|x86.ActiveCfg = Debug|Win32
		{32E19D44-7570-4FBF-A097-528345146594}.Debug|x86.Build.0 = Debug|Win32
		{32E19D44-7570-4FBF-A097-528345146594}.Release|x64.ActiveCfg = Release|x64
		{32E19D44-7570-4FBF-A097-528345146594}.Release|x64.Build.0 = Release|x64
		{32E19D44-7570-4FBF-A097-528345146594}.Release|x86.ActiveCfg = Release|Win32
		{32E19D44-7570-4FBF-A097-528345146594}.Release|x86.Build.0 = Release|Win32
	EndGlobalSection
	GlobalSection(SolutionProperties) = preSolution
		HideSolutionNode = FALSE
	EndGlobalSection
EndGlobal
